
Microsoft Visual Studio Solution File, Format Version 11.00
# Visual Studio 2010
Project("{FAE04EC0-301F-11D3-BF4B-00C04F79EFBC}") = "Assembly-CSharp", "Assembly-CSharp.csproj", "{5307e2b9-2797-ac48-ccb3-5abe26e6a40d}"
EndProject
Global
	GlobalSection(SolutionConfigurationPlatforms) = preSolution
		Debug|Any CPU = Debug|Any CPU
		Release|Any CPU = Release|Any CPU
	EndGlobalSection
	GlobalSection(ProjectConfigurationPlatforms) = postSolution
		{5307e2b9-2797-ac48-ccb3-5abe26e6a40d}.Debug|Any CPU.ActiveCfg = Debug|Any CPU
		{5307e2b9-2797-ac48-ccb3-5abe26e6a40d}.Debug|Any CPU.Build.0 = Debug|Any CPU
		{5307e2b9-2797-ac48-ccb3-5abe26e6a40d}.Release|Any CPU.ActiveCfg = Release|Any CPU
		{5307e2b9-2797-ac48-ccb3-5abe26e6a40d}.Release|Any CPU.Build.0 = Release|Any CPU
	EndGlobalSection
	GlobalSection(SolutionProperties) = preSolution
		HideSolutionNode = FALSE
	EndGlobalSection
EndGlobal
